# This file is automatically @generated by Poetry 1.8.3 and should not be changed by hand.

[[package]]
name = "clickhouse-driver"
version = "0.2.8"
description = "Python driver with native interface for ClickHouse"
optional = false
python-versions = "<4,>=3.7"
files = [
    {file = "clickhouse-driver-0.2.8.tar.gz", hash = "sha256:844b3080e558acbacd42ee569ec83ca7aaa3728f7077b9314c8d09aaa393d752"},
    {file = "clickhouse_driver-0.2.8-cp310-cp310-macosx_10_9_x86_64.whl", hash = "sha256:3a3a708e020ed2df59e424631f1822ffef4353912fcee143f3b7fc34e866621d"},
    {file = "clickhouse_driver-0.2.8-cp310-cp310-macosx_11_0_arm64.whl", hash = "sha256:d258d3c3ac0f03527e295eeaf3cebb0a976bc643f6817ccd1d0d71ce970641b4"},
    {file = "clickhouse_driver-0.2.8-cp310-cp310-manylinux_2_17_aarch64.manylinux2014_aarch64.whl", hash = "sha256:0f63fb64a55dea29ed6a7d1d6805ebc95c37108c8a36677bc045d904ad600828"},
    {file = "clickhouse_driver-0.2.8-cp310-cp310-manylinux_2_17_ppc64le.manylinux2014_ppc64le.whl", hash = "sha256:1b16d5dbd53fe32a99d3c4ab6c478c8aa9ae02aec5a2bd2f24180b0b4c03e1a5"},
    {file = "clickhouse_driver-0.2.8-cp310-cp310-manylinux_2_17_s390x.manylinux2014_s390x.whl", hash = "sha256:ad2e1850ce91301ae203bc555fb83272dfebb09ad4df99db38c608d45fc22fa4"},
    {file = "clickhouse_driver-0.2.8-cp310-cp310-manylinux_2_17_x86_64.manylinux2014_x86_64.whl", hash = "sha256:5ae9239f61a18050164185ec0a3e92469d084377a66ae033cc6b4efa15922867"},
    {file = "clickhouse_driver-0.2.8-cp310-cp310-manylinux_2_5_i686.manylinux1_i686.manylinux_2_17_i686.manylinux2014_i686.whl", hash = "sha256:b8f222f2577bf304e86eec73dbca9c19d7daa6abcafc0bef68bbf31dd461890b"},
    {file = "clickhouse_driver-0.2.8-cp310-cp310-musllinux_1_1_aarch64.whl", hash = "sha256:451ac3de1191531d030751b05f122219b93b3c509e781fad81c2c91f0e9256b6"},
    {file = "clickhouse_driver-0.2.8-cp310-cp310-musllinux_1_1_i686.whl", hash = "sha256:5a2c4fea88e91f1d5217b760ffea84631e647d8db2265b821cbe7b0e015c7807"},
    {file = "clickhouse_driver-0.2.8-cp310-cp310-musllinux_1_1_ppc64le.whl", hash = "sha256:19825a3044c48ab65dc6659eb9763e2f0821887bdd9ee14a2f9ae8c539281ebf"},
    {file = "clickhouse_driver-0.2.8-cp310-cp310-musllinux_1_1_s390x.whl", hash = "sha256:ae13044a10015225297868658a6f1843c2e34b9fcaa6268880e25c4fca9f3c4d"},
    {file = "clickhouse_driver-0.2.8-cp310-cp310-musllinux_1_1_x86_64.whl", hash = "sha256:548a77efb86012800e76db6d45b3dcffea9a1a26fa3d5fd42021298f0b9a6f16"},
    {file = "clickhouse_driver-0.2.8-cp310-cp310-win32.whl", hash = "sha256:ebe4328eaaf937365114b5bab5626600ee57e57d4d099ba2ddbae48c2493f73d"},
    {file = "clickhouse_driver-0.2.8-cp310-cp310-win_amd64.whl", hash = "sha256:7beaeb4d7e6c3aba7e02375eeca85b20cc8e54dc31fcdb25d3c4308f2cd9465f"},
    {file = "clickhouse_driver-0.2.8-cp311-cp311-macosx_10_9_x86_64.whl", hash = "sha256:8e06ef6bb701c8e42a9c686d77ad30805cf431bb79fa8fe0f4d3dee819e9a12c"},
    {file = "clickhouse_driver-0.2.8-cp311-cp311-macosx_11_0_arm64.whl", hash = "sha256:4afbcfa557419ed1783ecde3abbee1134e09b26c3ab0ada5b2118ae587357c2b"},
    {file = "clickhouse_driver-0.2.8-cp311-cp311-manylinux_2_17_aarch64.manylinux2014_aarch64.whl", hash = "sha256:85f628b4bf6db0fe8fe13da8576a9b95c23b463dff59f4c7aa58cedf529d7d97"},
    {file = "clickhouse_driver-0.2.8-cp311-cp311-manylinux_2_17_ppc64le.manylinux2014_ppc64le.whl", hash = "sha256:036f4b3283796ca51610385c7b24bdac1bb873f8a2e97a179f66544594aa9840"},
    {file = "clickhouse_driver-0.2.8-cp311-cp311-manylinux_2_17_s390x.manylinux2014_s390x.whl", hash = "sha256:2c8916d3d324ce8fd31f8dedd293dc2c29204b94785a5398d1ec1e7ea4e16a26"},
    {file = "clickhouse_driver-0.2.8-cp311-cp311-manylinux_2_17_x86_64.manylinux2014_x86_64.whl", hash = "sha256:30bee7cddd85c04ec49c753b53580364d907cc05c44daafe31b924a352e5e525"},
    {file = "clickhouse_driver-0.2.8-cp311-cp311-manylinux_2_5_i686.manylinux1_i686.manylinux_2_17_i686.manylinux2014_i686.whl", hash = "sha256:03c8a844f6b128348d099dc5d75fad70f4e85802d1649c1b835916ac94ae750a"},
    {file = "clickhouse_driver-0.2.8-cp311-cp311-musllinux_1_1_aarch64.whl", hash = "sha256:33965329393fd7740b445758787ddacdf70f35fa3411f98a1a86918fff679a46"},
    {file = "clickhouse_driver-0.2.8-cp311-cp311-musllinux_1_1_i686.whl", hash = "sha256:8cf85a7ebb0a56182c5b659602e20bae6b36c48a0edf518a6e6f56042d3fcee0"},
    {file = "clickhouse_driver-0.2.8-cp311-cp311-musllinux_1_1_ppc64le.whl", hash = "sha256:c10fd1f921ff82638cb9513b9b4acfb575b421c44ef6bf6cf57ee3c487b9d538"},
    {file = "clickhouse_driver-0.2.8-cp311-cp311-musllinux_1_1_s390x.whl", hash = "sha256:0a30d49bb6c34e3f5fe42e43dd6a7da0523ddfd05834ef02bd70b9363ea7de7e"},
    {file = "clickhouse_driver-0.2.8-cp311-cp311-musllinux_1_1_x86_64.whl", hash = "sha256:ea32c377a347b0801fc7f2b242f2ec7d78df58047097352672d0de5fbfa9e390"},
    {file = "clickhouse_driver-0.2.8-cp311-cp311-win32.whl", hash = "sha256:2a85529d1c0c3f2eedf7a4f736d0efc6e6c8032ac90ca5a63f7a067db58384fe"},
    {file = "clickhouse_driver-0.2.8-cp311-cp311-win_amd64.whl", hash = "sha256:1f438f83a7473ce7fe9c16cda8750e2fdda1b09fb87f0ec6b87a2b89acb13f24"},
    {file = "clickhouse_driver-0.2.8-cp312-cp312-macosx_10_9_x86_64.whl", hash = "sha256:9b71bbef6ee08252cee0593329c8ca8e623547627807d38195331f476eaf8136"},
    {file = "clickhouse_driver-0.2.8-cp312-cp312-macosx_11_0_arm64.whl", hash = "sha256:f30b3dd388f28eb4052851effe671354db55aea87de748aaf607e7048f72413e"},
    {file = "clickhouse_driver-0.2.8-cp312-cp312-manylinux_2_17_aarch64.manylinux2014_aarch64.whl", hash = "sha256:e3bb27ce7ca61089c04dc04dbf207c9165d62a85eb9c99d1451fd686b6b773f9"},
    {file = "clickhouse_driver-0.2.8-cp312-cp312-manylinux_2_17_ppc64le.manylinux2014_ppc64le.whl", hash = "sha256:59c04ec0b45602b6a63e0779ca7c3d3614be4710ec5ac7214da1b157d43527c5"},
    {file = "clickhouse_driver-0.2.8-cp312-cp312-manylinux_2_17_s390x.manylinux2014_s390x.whl", hash = "sha256:a61b14244993c7e0f312983455b7851576a85ab5a9fcc6374e75d2680a985e76"},
    {file = "clickhouse_driver-0.2.8-cp312-cp312-manylinux_2_17_x86_64.manylinux2014_x86_64.whl", hash = "sha256:c99a1b0b7759ccd1bf44c65210543c228ba704e3153014fd3aabfe56a227b1a5"},
    {file = "clickhouse_driver-0.2.8-cp312-cp312-manylinux_2_5_i686.manylinux1_i686.manylinux_2_17_i686.manylinux2014_i686.whl", hash = "sha256:9f14d860088ab2c7eeb3782c9490ad3f6bf6b1e9235e9db9c3b0079cd4751ffa"},
    {file = "clickhouse_driver-0.2.8-cp312-cp312-musllinux_1_1_aarch64.whl", hash = "sha256:303887a14a71faddcdee150bc8cde498c25c446b0a72ae586bd67d0c366dbff5"},
    {file = "clickhouse_driver-0.2.8-cp312-cp312-musllinux_1_1_i686.whl", hash = "sha256:359814e4f989c138bfb83e3c81f8f88c8449721dcf32cb8cc25fdb86f4b53c99"},
    {file = "clickhouse_driver-0.2.8-cp312-cp312-musllinux_1_1_ppc64le.whl", hash = "sha256:42de61b4cf9053698b14dbe29e1e3d78cb0a7aaef874fd854df390de5c9cc1f1"},
    {file = "clickhouse_driver-0.2.8-cp312-cp312-musllinux_1_1_s390x.whl", hash = "sha256:3bf3089f220480e5a69cbec79f3b65c23afb5c2836e7285234140e5f237f2768"},
    {file = "clickhouse_driver-0.2.8-cp312-cp312-musllinux_1_1_x86_64.whl", hash = "sha256:41daa4ae5ada22f10c758b0b3b477a51f5df56eef8569cff8e2275de6d9b1b96"},
    {file = "clickhouse_driver-0.2.8-cp312-cp312-win32.whl", hash = "sha256:03ea71c7167c6c38c3ba2bbed43615ce0c41ebf3bfa28d96ffcd93cd1cdd07d8"},
    {file = "clickhouse_driver-0.2.8-cp312-cp312-win_amd64.whl", hash = "sha256:76985286e10adb2115da116ae25647319bc485ad9e327cbc27296ccf0b052180"},
    {file = "clickhouse_driver-0.2.8-cp37-cp37m-macosx_10_9_x86_64.whl", hash = "sha256:271529124914c439a5bbcf8a90e3101311d60c1813e03c0467e01fbabef489ee"},
    {file = "clickhouse_driver-0.2.8-cp37-cp37m-manylinux_2_17_aarch64.manylinux2014_aarch64.whl", hash = "sha256:4f8f499746bc027c6d05de09efa7b2e4f2241f66c1ac2d6b7748f90709b00e10"},
    {file = "clickhouse_driver-0.2.8-cp37-cp37m-manylinux_2_17_ppc64le.manylinux2014_ppc64le.whl", hash = "sha256:f29f256520bb718c532e7fcd85250d4001f49acbaa9e6896bdf4a70d5557e2ef"},
    {file = "clickhouse_driver-0.2.8-cp37-cp37m-manylinux_2_17_s390x.manylinux2014_s390x.whl", hash = "sha256:104d062bdf7eab74e92efcbf72088b3241365242b4f119b3fe91057c4d80825c"},
    {file = "clickhouse_driver-0.2.8-cp37-cp37m-manylinux_2_17_x86_64.manylinux2014_x86_64.whl", hash = "sha256:ee34ed08592a6eff5e176f42897c6ab4dfd8c07df16e9f392e18f1f2ee3fe3ca"},
    {file = "clickhouse_driver-0.2.8-cp37-cp37m-manylinux_2_5_i686.manylinux1_i686.manylinux_2_17_i686.manylinux2014_i686.whl", hash = "sha256:f5be9a8d89de881d5ea9d46f9d293caa72dbc7f40b105374cafd88f52b2099ea"},
    {file = "clickhouse_driver-0.2.8-cp37-cp37m-musllinux_1_1_aarch64.whl", hash = "sha256:c57efc768fa87e83d6778e7bbd180dd1ff5d647044983ec7d238a8577bd25fa5"},
    {file = "clickhouse_driver-0.2.8-cp37-cp37m-musllinux_1_1_i686.whl", hash = "sha256:e1a003475f2d54e9fea8de86b57bc26b409c9efea3d298409ab831f194d62c3b"},
    {file = "clickhouse_driver-0.2.8-cp37-cp37m-musllinux_1_1_ppc64le.whl", hash = "sha256:fba71cf41934a23156290a70ef794a5dadc642b21cc25eb13e1f99f2512c8594"},
    {file = "clickhouse_driver-0.2.8-cp37-cp37m-musllinux_1_1_s390x.whl", hash = "sha256:7289b0e9d1019fed418c577963edd66770222554d1da0c491ca436593667256e"},
    {file = "clickhouse_driver-0.2.8-cp37-cp37m-musllinux_1_1_x86_64.whl", hash = "sha256:16e810cc9be18fdada545b9a521054214dd607bb7aa2f280ca488da23a077e48"},
    {file = "clickhouse_driver-0.2.8-cp37-cp37m-win32.whl", hash = "sha256:ed4a6590015f18f414250149255dc2ae81ae956b6e670b290d52c2ecb61ed517"},
    {file = "clickhouse_driver-0.2.8-cp37-cp37m-win_amd64.whl", hash = "sha256:9d454f16ccf1b2185cc630f6fb2160b1abde27759c4e94c42e30b9ea911d58f0"},
    {file = "clickhouse_driver-0.2.8-cp38-cp38-macosx_10_9_x86_64.whl", hash = "sha256:2e487d49c24448873a6802c34aa21858b9e3fb4a2605268a980a5c02b54a6bae"},
    {file = "clickhouse_driver-0.2.8-cp38-cp38-macosx_11_0_arm64.whl", hash = "sha256:e877de75b97ddb11a027a7499171ea0aa9cad569b18fce53c9d508353000cfae"},
    {file = "clickhouse_driver-0.2.8-cp38-cp38-manylinux_2_17_aarch64.manylinux2014_aarch64.whl", hash = "sha256:c60dcefddf6e2c65c92b7e6096c222ff6ed73b01b6c5712f9ce8a23f2ec80f1a"},
    {file = "clickhouse_driver-0.2.8-cp38-cp38-manylinux_2_17_ppc64le.manylinux2014_ppc64le.whl", hash = "sha256:422cbbabfad3f9b533d9f517f6f4e174111a613cba878402f7ef632b0eadec3a"},
    {file = "clickhouse_driver-0.2.8-cp38-cp38-manylinux_2_17_s390x.manylinux2014_s390x.whl", hash = "sha256:5ff8a8e25ff6051ff3d0528dbe36305b0140075d2fa49432149ee2a7841f23ed"},
    {file = "clickhouse_driver-0.2.8-cp38-cp38-manylinux_2_17_x86_64.manylinux2014_x86_64.whl", hash = "sha256:19c7a5960d4f7f9a8f9a560ae05020ff5afe874b565cce06510586a0096bb626"},
    {file = "clickhouse_driver-0.2.8-cp38-cp38-manylinux_2_5_i686.manylinux1_i686.manylinux_2_17_i686.manylinux2014_i686.whl", hash = "sha256:f5b3333257b46f307b713ba507e4bf11b7531ba3765a4150924532298d645ffd"},
    {file = "clickhouse_driver-0.2.8-cp38-cp38-musllinux_1_1_aarch64.whl", hash = "sha256:bbc2252a697c674e1b8b6123cf205d2b15979eddf74e7ada0e62a0ecc81a75c3"},
    {file = "clickhouse_driver-0.2.8-cp38-cp38-musllinux_1_1_i686.whl", hash = "sha256:af7f1a9a99dafb0f2a91d1a2d4a3e37f86076147d59abbe69b28d39308fe20fb"},
    {file = "clickhouse_driver-0.2.8-cp38-cp38-musllinux_1_1_ppc64le.whl", hash = "sha256:580c34cc505c492a8abeacbd863ce46158643bece914d8fe2fadea0e94c4e0c1"},
    {file = "clickhouse_driver-0.2.8-cp38-cp38-musllinux_1_1_s390x.whl", hash = "sha256:5b905eaa6fd3b453299f946a2c8f4a6392f379597e51e46297c6a37699226cda"},
    {file = "clickhouse_driver-0.2.8-cp38-cp38-musllinux_1_1_x86_64.whl", hash = "sha256:6e2b5891c52841aedf803b8054085eb8a611ad4bf57916787a1a9aabf618fb77"},
    {file = "clickhouse_driver-0.2.8-cp38-cp38-win32.whl", hash = "sha256:b58a5612db8b3577dc2ae6fda4c783d61c2376396bb364545530aa6a767f166d"},
    {file = "clickhouse_driver-0.2.8-cp38-cp38-win_amd64.whl", hash = "sha256:96b0424bb5dd698c10b899091562a78f4933a9a039409f310fb74db405d73854"},
    {file = "clickhouse_driver-0.2.8-cp39-cp39-macosx_10_9_x86_64.whl", hash = "sha256:22cbed52daa584ca9a93efd772ee5c8c1f68ceaaeb21673985004ec2fd411c49"},
    {file = "clickhouse_driver-0.2.8-cp39-cp39-macosx_11_0_arm64.whl", hash = "sha256:e36156fe8a355fc830cc0ea1267c804c631c9dbd9b6accdca868a426213e5929"},
    {file = "clickhouse_driver-0.2.8-cp39-cp39-manylinux_2_17_aarch64.manylinux2014_aarch64.whl", hash = "sha256:2c1341325f4180e1318d0d2cf0b268008ea250715c6f30a5ccce586860c000b5"},
    {file = "clickhouse_driver-0.2.8-cp39-cp39-manylinux_2_17_ppc64le.manylinux2014_ppc64le.whl", hash = "sha256:cb52161276f7d77d4af09f1aab97a16edf86014a89e3d9923f0a6b8fdaa12438"},
    {file = "clickhouse_driver-0.2.8-cp39-cp39-manylinux_2_17_s390x.manylinux2014_s390x.whl", hash = "sha256:0d1ccd47040c0a8753684a20a0f83b8a0820386889fdf460a3248e0eed142032"},
    {file = "clickhouse_driver-0.2.8-cp39-cp39-manylinux_2_17_x86_64.manylinux2014_x86_64.whl", hash = "sha256:fcda48e938d011e5f4dcebf965e6ec19e020e8efa207b98eeb99c12fa873236d"},
    {file = "clickhouse_driver-0.2.8-cp39-cp39-manylinux_2_5_i686.manylinux1_i686.manylinux_2_17_i686.manylinux2014_i686.whl", hash = "sha256:2252ab3f8b3bbd705e1d7dc80395c7bea14f5ae51a268fc7be5328da77c0e200"},
    {file = "clickhouse_driver-0.2.8-cp39-cp39-musllinux_1_1_aarch64.whl", hash = "sha256:e1b9ef3fa0cc6c9de77daa74a2f183186d0b5556c4f6870fc966a41fde6cae2b"},
    {file = "clickhouse_driver-0.2.8-cp39-cp39-musllinux_1_1_i686.whl", hash = "sha256:d0afa3c68fed6b5e6f23eb3f053d3aba86d09dbbc7706a0120ab5595d5c37003"},
    {file = "clickhouse_driver-0.2.8-cp39-cp39-musllinux_1_1_ppc64le.whl", hash = "sha256:102027bb687ff7a978f7110348f39f0dce450ab334787edbc64b8a9927238e32"},
    {file = "clickhouse_driver-0.2.8-cp39-cp39-musllinux_1_1_s390x.whl", hash = "sha256:9fc1ae52a171ded7d9f1f971b9b5bb0ce4d0490a54e102f3717cea51011d0308"},
    {file = "clickhouse_driver-0.2.8-cp39-cp39-musllinux_1_1_x86_64.whl", hash = "sha256:5a62c691be83b1da72ff3455790b50b0f894b7932ac962a8133f3f9c04c943b3"},
    {file = "clickhouse_driver-0.2.8-cp39-cp39-win32.whl", hash = "sha256:8b5068cef07cfba5be25a9a461c010ce7a0fe2de5b0b0262c6030684f43fa7f5"},
    {file = "clickhouse_driver-0.2.8-cp39-cp39-win_amd64.whl", hash = "sha256:cd71965d00b0f3ba992652d577b1d46b87100a67b3e0dc5c191c88092e484c81"},
    {file = "clickhouse_driver-0.2.8-pp310-pypy310_pp73-macosx_10_9_x86_64.whl", hash = "sha256:4db0812c43f67e7b1805c05e2bc08f7d670ddfd8d8c671c9b47cdb52f4f74129"},
    {file = "clickhouse_driver-0.2.8-pp310-pypy310_pp73-manylinux_2_17_aarch64.manylinux2014_aarch64.whl", hash = "sha256:56622ffefe94a82d9a30747e3486819104d1310d7a94f0e37da461d7112e9864"},
    {file = "clickhouse_driver-0.2.8-pp310-pypy310_pp73-manylinux_2_17_x86_64.manylinux2014_x86_64.whl", hash = "sha256:8c47c8ed61b2f35bb29d991f66d6e03d5cc786def56533480331b2a584854dd5"},
    {file = "clickhouse_driver-0.2.8-pp310-pypy310_pp73-manylinux_2_5_i686.manylinux1_i686.manylinux_2_17_i686.manylinux2014_i686.whl", hash = "sha256:dec001a1a49b993522dd134d2fca161352f139d42edcda0e983b8ea8f5023cda"},
    {file = "clickhouse_driver-0.2.8-pp310-pypy310_pp73-win_amd64.whl", hash = "sha256:c03bd486540a6c03aa5a164b7ec6c50980df9642ab1ce22cb70327e4090bdc60"},
    {file = "clickhouse_driver-0.2.8-pp37-pypy37_pp73-macosx_10_9_x86_64.whl", hash = "sha256:c059c3da454f0cc0a6f056b542a0c1784cd0398613d25326b11fd1c6f9f7e8d2"},
    {file = "clickhouse_driver-0.2.8-pp37-pypy37_pp73-manylinux_2_17_aarch64.manylinux2014_aarch64.whl", hash = "sha256:fc7f9677c637b710046ec6c6c0cab25b4c4ff21620e44f462041d7455e9e8d13"},
    {file = "clickhouse_driver-0.2.8-pp37-pypy37_pp73-manylinux_2_17_x86_64.manylinux2014_x86_64.whl", hash = "sha256:ba3f6b8fdd7a2e6a831ebbcaaf346f7c8c5eb5085a350c9d4d1ce7053a050b70"},
    {file = "clickhouse_driver-0.2.8-pp37-pypy37_pp73-manylinux_2_5_i686.manylinux1_i686.manylinux_2_17_i686.manylinux2014_i686.whl", hash = "sha256:20c2db3ae29950c80837d270b5ab63c74597afce226b474930060cac7969287b"},
    {file = "clickhouse_driver-0.2.8-pp37-pypy37_pp73-win_amd64.whl", hash = "sha256:b7767019a301dad314e7b515046535a45eda84bd9c29590bc3e99b1c334f69e7"},
    {file = "clickhouse_driver-0.2.8-pp38-pypy38_pp73-macosx_10_9_x86_64.whl", hash = "sha256:ba8b8b80fa8850546aa40acc952835b1f149af17182cdf3db4f2133b2a241fe8"},
    {file = "clickhouse_driver-0.2.8-pp38-pypy38_pp73-manylinux_2_17_aarch64.manylinux2014_aarch64.whl", hash = "sha256:924f11e87e3dcbbc1c9e8158af9917f182cd5e96d37385485d6268f59b564142"},
    {file = "clickhouse_driver-0.2.8-pp38-pypy38_pp73-manylinux_2_17_x86_64.manylinux2014_x86_64.whl", hash = "sha256:4c39e1477ad310a4d276db17c1e1cf6fb059c29eb8d21351afefd5a22de381c6"},
    {file = "clickhouse_driver-0.2.8-pp38-pypy38_pp73-manylinux_2_5_i686.manylinux1_i686.manylinux_2_17_i686.manylinux2014_i686.whl", hash = "sha256:e950b9a63af5fa233e3da0e57a7ebd85d4b319e65eef5f9daac84532836f4123"},
    {file = "clickhouse_driver-0.2.8-pp38-pypy38_pp73-win_amd64.whl", hash = "sha256:0698dc57373b2f42f3a95bd419d9fa07f2d02150f13a0db2909a2651208262b9"},
    {file = "clickhouse_driver-0.2.8-pp39-pypy39_pp73-macosx_10_9_x86_64.whl", hash = "sha256:e0694ca2fb459c23e44036d975fe89544a7c9918618b5d8bda9a8aa2d24e5c37"},
    {file = "clickhouse_driver-0.2.8-pp39-pypy39_pp73-manylinux_2_17_aarch64.manylinux2014_aarch64.whl", hash = "sha256:62620348aeae5a905ccb8f7e6bff8d76aae9a95d81aa8c8f6fce0f2af7e104b8"},
    {file = "clickhouse_driver-0.2.8-pp39-pypy39_pp73-manylinux_2_17_x86_64.manylinux2014_x86_64.whl", hash = "sha256:66276fd5092cccdd6f3123df4357a068fb1972b7e2622fab6f235948c50b6eed"},
    {file = "clickhouse_driver-0.2.8-pp39-pypy39_pp73-manylinux_2_5_i686.manylinux1_i686.manylinux_2_17_i686.manylinux2014_i686.whl", hash = "sha256:f86fe87327662b597824d0d7505cc600b0919473b22bbbd178a1a4d4e29283e1"},
    {file = "clickhouse_driver-0.2.8-pp39-pypy39_pp73-win_amd64.whl", hash = "sha256:54b9c6ff0aaabdcf7e80a6d9432459611b3413d6a66bec41cbcdad7212721cc7"},
]

[package.dependencies]
pytz = "*"
tzlocal = "*"

[package.extras]
lz4 = ["clickhouse-cityhash (>=1.0.2.1)", "lz4", "lz4 (<=3.0.1)"]
numpy = ["numpy (>=1.12.0)", "pandas (>=0.24.0)"]
zstd = ["clickhouse-cityhash (>=1.0.2.1)", "zstd"]

[[package]]
name = "faker"
version = "25.9.1"
description = "Faker is a Python package that generates fake data for you."
optional = false
python-versions = ">=3.8"
files = [
    {file = "Faker-25.9.1-py3-none-any.whl", hash = "sha256:f1dc27dc8035cb7e97e96afbb5fe1305eed6aeea53374702cbac96acfe851626"},
    {file = "Faker-25.9.1.tar.gz", hash = "sha256:0e1cf7a8d3c94de91a65ab1e9cf7050903efae1e97901f8e5924a9f45147ae44"},
]

[package.dependencies]
python-dateutil = ">=2.4"

[[package]]
name = "python-dateutil"
version = "2.9.0.post0"
description = "Extensions to the standard Python datetime module"
optional = false
python-versions = "!=3.0.*,!=3.1.*,!=3.2.*,>=2.7"
files = [
    {file = "python-dateutil-2.9.0.post0.tar.gz", hash = "sha256:37dd54208da7e1cd875388217d5e00ebd4179249f90fb72437e91a35459a0ad3"},
    {file = "python_dateutil-2.9.0.post0-py2.py3-none-any.whl", hash = "sha256:a8b2bc7bffae282281c8140a97d3aa9c14da0b136dfe83f850eea9a5f7470427"},
]

[package.dependencies]
six = ">=1.5"

[[package]]
name = "python-dotenv"
version = "1.0.1"
description = "Read key-value pairs from a .env file and set them as environment variables"
optional = false
python-versions = ">=3.8"
files = [
    {file = "python-dotenv-1.0.1.tar.gz", hash = "sha256:e324ee90a023d808f1959c46bcbc04446a10ced277783dc6ee09987c37ec10ca"},
    {file = "python_dotenv-1.0.1-py3-none-any.whl", hash = "sha256:f7b63ef50f1b690dddf550d03497b66d609393b40b564ed0d674909a68ebf16a"},
]

[package.extras]
cli = ["click (>=5.0)"]

[[package]]
name = "pytz"
version = "2024.1"
description = "World timezone definitions, modern and historical"
optional = false
python-versions = "*"
files = [
    {file = "pytz-2024.1-py2.py3-none-any.whl", hash = "sha256:328171f4e3623139da4983451950b28e95ac706e13f3f2630a879749e7a8b319"},
    {file = "pytz-2024.1.tar.gz", hash = "sha256:2a29735ea9c18baf14b448846bde5a48030ed267578472d8955cd0e7443a9812"},
]

[[package]]
name = "six"
version = "1.16.0"
description = "Python 2 and 3 compatibility utilities"
optional = false
python-versions = ">=2.7, !=3.0.*, !=3.1.*, !=3.2.*"
files = [
    {file = "six-1.16.0-py2.py3-none-any.whl", hash = "sha256:8abb2f1d86890a2dfb989f9a77cfcfd3e47c2a354b01111771326f8aa26e0254"},
    {file = "six-1.16.0.tar.gz", hash = "sha256:1e61c37477a1626458e36f7b1d82aa5c9b094fa4802892072e49de9c60c4c926"},
]

[[package]]
name = "tzdata"
version = "2024.1"
description = "Provider of IANA time zone data"
optional = false
python-versions = ">=2"
files = [
    {file = "tzdata-2024.1-py2.py3-none-any.whl", hash = "sha256:9068bc196136463f5245e51efda838afa15aaeca9903f49050dfa2679db4d252"},
    {file = "tzdata-2024.1.tar.gz", hash = "sha256:2674120f8d891909751c38abcdfd386ac0a5a1127954fbc332af6b5ceae07efd"},
]

[[package]]
name = "tzlocal"
version = "5.2"
description = "tzinfo object for the local timezone"
optional = false
python-versions = ">=3.8"
files = [
    {file = "tzlocal-5.2-py3-none-any.whl", hash = "sha256:49816ef2fe65ea8ac19d19aa7a1ae0551c834303d5014c6d5a62e4cbda8047b8"},
    {file = "tzlocal-5.2.tar.gz", hash = "sha256:8d399205578f1a9342816409cc1e46a93ebd5755e39ea2d85334bea911bf0e6e"},
]

[package.dependencies]
tzdata = {version = "*", markers = "platform_system == \"Windows\""}

[package.extras]
devenv = ["check-manifest", "pytest (>=4.3)", "pytest-cov", "pytest-mock (>=3.3)", "zest.releaser"]

[metadata]
lock-version = "2.0"
python-versions = "^3.11"
content-hash = "1a50618b737ab2dd4854c0219cd3179dd02c56cff2e3766200d62ef5ac14a16e"
